
Microsoft Visual Studio Solution File, Format Version 12.00
# Visual Studio 14
VisualStudioVersion = 14.0.24720.0
MinimumVisualStudioVersion = 10.0.40219.1
Project("{8BC9CEB8-8B4A-11D0-8D11-00A0C91BC942}") = "SoftmaxRBMCF Trainer", "SofrmaxRBMCF Trainer\SofrmaxRBMCF Trainer.vcxproj", "{0B9E7B4C-4C95-4C61-991B-B104207D07F0}"
EndProject
Project("{8BC9CEB8-8B4A-11D0-8D11-00A0C91BC942}") = "SoftmaxRBM AVG", "SoftmaxRBM AVG\SoftmaxRBM AVG.vcxproj", "{EC90977A-88A9-436E-9FE1-9FBA90F8EB42}"
EndProject
Project("{8BC9CEB8-8B4A-11D0-8D11-00A0C91BC942}") = "SoftmaxRBM RMSE", "SoftmaxRBM RMSE\SoftmaxRBM RMSE.vcxproj", "{EF7486D3-62C3-4529-86D0-EA8EE9BB2815}"
EndProject
Project("{8BC9CEB8-8B4A-11D0-8D11-00A0C91BC942}") = "SoftmaxRBMCF Predictor", "SoftmaxRBMCF Predictor\SoftmaxRBMCF Predictor.vcxproj", "{C00016F0-E6F6-47A2-9C6F-D883E39AE7A9}"
EndProject
Project("{8BC9CEB8-8B4A-11D0-8D11-00A0C91BC942}") = "GBRBMCF Trainer", "GBRBMCF Trainer\GBRBMCF Trainer.vcxproj", "{9710D4E8-A8A2-4454-9B5B-7810376965DB}"
EndProject
Project("{8BC9CEB8-8B4A-11D0-8D11-00A0C91BC942}") = "GBRBM RMSE", "GBRBM RMSE\GBRBM RMSE.vcxproj", "{3F650C43-2AF8-4BFF-B2AC-DF14FE42D197}"
EndProject
Project("{8BC9CEB8-8B4A-11D0-8D11-00A0C91BC942}") = "GBRBM AVG", "GBRBM AVG\GBRBM AVG.vcxproj", "{4BB3C43A-56CD-47FD-9416-372A77AEBA2F}"
EndProject
Project("{8BC9CEB8-8B4A-11D0-8D11-00A0C91BC942}") = "GBRBMCF Predictor", "GBRBMCF Predictor\GBRBMCF Predictor.vcxproj", "{34C90C56-025F-4A70-A9CE-56934D743A6D}"
EndProject
Project("{8BC9CEB8-8B4A-11D0-8D11-00A0C91BC942}") = "_test_GBRBM_train", "_test_GBRBM_train\_test_GBRBM_train.vcxproj", "{129AF2BA-103B-488E-A7ED-649100026894}"
EndProject
Project("{8BC9CEB8-8B4A-11D0-8D11-00A0C91BC942}") = "_test_SoftmaxRBM_train", "_test_SoftmaxRBM_train\_test_SoftmaxRBM_train.vcxproj", "{D5762106-D629-456B-8484-6495EC5128CB}"
EndProject
Project("{8BC9CEB8-8B4A-11D0-8D11-00A0C91BC942}") = "_test_mean_field_update_GBRBM", "_test_mean_field_update_GBRBM\_test_mean_field_update_GBRBM.vcxproj", "{CD7F7E36-7221-4F81-A567-5CE5FDCEC779}"
EndProject
Project("{8BC9CEB8-8B4A-11D0-8D11-00A0C91BC942}") = "GBRBM MeanField Trainer", "GBRBM MeanField Trainer\GBRBM MeanField Trainer.vcxproj", "{9F6AC739-5CF8-4352-BCA3-FEDD5C5F80B9}"
EndProject
Project("{8BC9CEB8-8B4A-11D0-8D11-00A0C91BC942}") = "rbmlib", "rbmlib\rbmlib.vcxproj", "{E9045248-9548-4A39-8C94-DF828D1A5FC3}"
EndProject
Project("{8BC9CEB8-8B4A-11D0-8D11-00A0C91BC942}") = "_test_GBRBM_TRAIN_AVG", "_test_GBRBM_TRAIN_AVG\_test_GBRBM_TRAIN_AVG.vcxproj", "{F03B34A5-6734-40CB-A63C-6A5D2BD4A5BA}"
EndProject
Project("{8BC9CEB8-8B4A-11D0-8D11-00A0C91BC942}") = "GBRBMCF Predictor MeanField", "GBEBMCF Predictor MeanField\GBEBMCF Predictor MeanField.vcxproj", "{8FC9B8AA-6BA3-4F07-A001-53E1311F668A}"
EndProject
Project("{8BC9CEB8-8B4A-11D0-8D11-00A0C91BC942}") = "GBRBMCF Trainer Online", "GBRBMCF Trainer Online\GBRBMCF Trainer Online.vcxproj", "{83C6E055-AF66-4BF1-BA75-EE6D05097132}"
EndProject
Project("{8BC9CEB8-8B4A-11D0-8D11-00A0C91BC942}") = "SoftmaxRBMCF Trainer Online", "SoftmaxRBMCF Trainer Online\SoftmaxRBMCF Trainer Online.vcxproj", "{1D97FD4A-5C13-4ABF-B43D-E51F8B97EEE0}"
EndProject
Project("{8BC9CEB8-8B4A-11D0-8D11-00A0C91BC942}") = "_GBRBM_SBP_Trainer", "_GBRBM_SBP\_GBRBM_SBP.vcxproj", "{7571A9C8-A90E-4490-B6C4-E1417947295E}"
EndProject
Project("{8BC9CEB8-8B4A-11D0-8D11-00A0C91BC942}") = "_GBRBM_SBP_lib", "_GBRBM_SBP_lib\_GBRBM_SBP_lib.vcxproj", "{88DE569E-3829-4296-B6D4-C1D4E82DB44C}"
EndProject
Project("{8BC9CEB8-8B4A-11D0-8D11-00A0C91BC942}") = "_GBRBM_SBP_Predictor", "_GBRBM_SBP_Predictor\_GBRBM_SBP_Predictor.vcxproj", "{67295736-D9CA-493E-8714-4DC8EBF4272E}"
EndProject
Project("{8BC9CEB8-8B4A-11D0-8D11-00A0C91BC942}") = "_GRBMCF_ABS_hidden_train", "_GRBMCF_ABS_hidden_train\_GRBMCF_ABS_hidden_train.vcxproj", "{A1B2DD5F-D274-4C84-A3EC-3457996D98AF}"
EndProject
Project("{8BC9CEB8-8B4A-11D0-8D11-00A0C91BC942}") = "_GRBM_ABS_hidden_lib", "_GRBM_ABS_hidden_lib\_GRBM_ABS_hidden_lib.vcxproj", "{E3ABD338-37ED-4002-BD0B-D7A1D71E83B6}"
EndProject
Project("{8BC9CEB8-8B4A-11D0-8D11-00A0C91BC942}") = "tmp_librbm", "tmp_librbm\tmp_librbm.vcxproj", "{27B8843F-CD65-41FE-A7EB-D8CA075FC247}"
EndProject
Project("{8BC9CEB8-8B4A-11D0-8D11-00A0C91BC942}") = "_GRBMCF_ABS_hidden_predict", "_GRBMCF_ABS_hidden_predict\_GRBMCF_ABS_hidden_predict.vcxproj", "{4223F655-4617-4260-B0C6-62374133783B}"
EndProject
Global
	GlobalSection(SolutionConfigurationPlatforms) = preSolution
		Debug|x64 = Debug|x64
		Debug|x86 = Debug|x86
		Release|x64 = Release|x64
		Release|x86 = Release|x86
	EndGlobalSection
	GlobalSection(ProjectConfigurationPlatforms) = postSolution
		{0B9E7B4C-4C95-4C61-991B-B104207D07F0}.Debug|x64.ActiveCfg = Debug|x64
		{0B9E7B4C-4C95-4C61-991B-B104207D07F0}.Debug|x64.Build.0 = Debug|x64
		{0B9E7B4C-4C95-4C61-991B-B104207D07F0}.Debug|x86.ActiveCfg = Debug|x64
		{0B9E7B4C-4C95-4C61-991B-B104207D07F0}.Debug|x86.Build.0 = Debug|x64
		{0B9E7B4C-4C95-4C61-991B-B104207D07F0}.Release|x64.ActiveCfg = Release|x64
		{0B9E7B4C-4C95-4C61-991B-B104207D07F0}.Release|x64.Build.0 = Release|x64
		{0B9E7B4C-4C95-4C61-991B-B104207D07F0}.Release|x86.ActiveCfg = Release|Win32
		{0B9E7B4C-4C95-4C61-991B-B104207D07F0}.Release|x86.Build.0 = Release|Win32
		{EC90977A-88A9-436E-9FE1-9FBA90F8EB42}.Debug|x64.ActiveCfg = Debug|x64
		{EC90977A-88A9-436E-9FE1-9FBA90F8EB42}.Debug|x64.Build.0 = Debug|x64
		{EC90977A-88A9-436E-9FE1-9FBA90F8EB42}.Debug|x86.ActiveCfg = Debug|x64
		{EC90977A-88A9-436E-9FE1-9FBA90F8EB42}.Debug|x86.Build.0 = Debug|x64
		{EC90977A-88A9-436E-9FE1-9FBA90F8EB42}.Release|x64.ActiveCfg = Release|x64
		{EC90977A-88A9-436E-9FE1-9FBA90F8EB42}.Release|x64.Build.0 = Release|x64
		{EC90977A-88A9-436E-9FE1-9FBA90F8EB42}.Release|x86.ActiveCfg = Release|Win32
		{EC90977A-88A9-436E-9FE1-9FBA90F8EB42}.Release|x86.Build.0 = Release|Win32
		{EF7486D3-62C3-4529-86D0-EA8EE9BB2815}.Debug|x64.ActiveCfg = Debug|x64
		{EF7486D3-62C3-4529-86D0-EA8EE9BB2815}.Debug|x64.Build.0 = Debug|x64
		{EF7486D3-62C3-4529-86D0-EA8EE9BB2815}.Debug|x86.ActiveCfg = Debug|x64
		{EF7486D3-62C3-4529-86D0-EA8EE9BB2815}.Debug|x86.Build.0 = Debug|x64
		{EF7486D3-62C3-4529-86D0-EA8EE9BB2815}.Release|x64.ActiveCfg = Release|x64
		{EF7486D3-62C3-4529-86D0-EA8EE9BB2815}.Release|x64.Build.0 = Release|x64
		{EF7486D3-62C3-4529-86D0-EA8EE9BB2815}.Release|x86.ActiveCfg = Release|Win32
		{EF7486D3-62C3-4529-86D0-EA8EE9BB2815}.Release|x86.Build.0 = Release|Win32
		{C00016F0-E6F6-47A2-9C6F-D883E39AE7A9}.Debug|x64.ActiveCfg = Debug|x64
		{C00016F0-E6F6-47A2-9C6F-D883E39AE7A9}.Debug|x64.Build.0 = Debug|x64
		{C00016F0-E6F6-47A2-9C6F-D883E39AE7A9}.Debug|x86.ActiveCfg = Debug|x64
		{C00016F0-E6F6-47A2-9C6F-D883E39AE7A9}.Debug|x86.Build.0 = Debug|x64
		{C00016F0-E6F6-47A2-9C6F-D883E39AE7A9}.Release|x64.ActiveCfg = Release|x64
		{C00016F0-E6F6-47A2-9C6F-D883E39AE7A9}.Release|x64.Build.0 = Release|x64
		{C00016F0-E6F6-47A2-9C6F-D883E39AE7A9}.Release|x86.ActiveCfg = Release|Win32
		{C00016F0-E6F6-47A2-9C6F-D883E39AE7A9}.Release|x86.Build.0 = Release|Win32
		{9710D4E8-A8A2-4454-9B5B-7810376965DB}.Debug|x64.ActiveCfg = Debug|x64
		{9710D4E8-A8A2-4454-9B5B-7810376965DB}.Debug|x64.Build.0 = Debug|x64
		{9710D4E8-A8A2-4454-9B5B-7810376965DB}.Debug|x86.ActiveCfg = Debug|Win32
		{9710D4E8-A8A2-4454-9B5B-7810376965DB}.Debug|x86.Build.0 = Debug|Win32
		{9710D4E8-A8A2-4454-9B5B-7810376965DB}.Release|x64.ActiveCfg = Release|x64
		{9710D4E8-A8A2-4454-9B5B-7810376965DB}.Release|x64.Build.0 = Release|x64
		{9710D4E8-A8A2-4454-9B5B-7810376965DB}.Release|x86.ActiveCfg = Release|Win32
		{9710D4E8-A8A2-4454-9B5B-7810376965DB}.Release|x86.Build.0 = Release|Win32
		{3F650C43-2AF8-4BFF-B2AC-DF14FE42D197}.Debug|x64.ActiveCfg = Debug|x64
		{3F650C43-2AF8-4BFF-B2AC-DF14FE42D197}.Debug|x64.Build.0 = Debug|x64
		{3F650C43-2AF8-4BFF-B2AC-DF14FE42D197}.Debug|x86.ActiveCfg = Debug|Win32
		{3F650C43-2AF8-4BFF-B2AC-DF14FE42D197}.Debug|x86.Build.0 = Debug|Win32
		{3F650C43-2AF8-4BFF-B2AC-DF14FE42D197}.Release|x64.ActiveCfg = Release|x64
		{3F650C43-2AF8-4BFF-B2AC-DF14FE42D197}.Release|x64.Build.0 = Release|x64
		{3F650C43-2AF8-4BFF-B2AC-DF14FE42D197}.Release|x86.ActiveCfg = Release|Win32
		{3F650C43-2AF8-4BFF-B2AC-DF14FE42D197}.Release|x86.Build.0 = Release|Win32
		{4BB3C43A-56CD-47FD-9416-372A77AEBA2F}.Debug|x64.ActiveCfg = Debug|x64
		{4BB3C43A-56CD-47FD-9416-372A77AEBA2F}.Debug|x64.Build.0 = Debug|x64
		{4BB3C43A-56CD-47FD-9416-372A77AEBA2F}.Debug|x86.ActiveCfg = Debug|Win32
		{4BB3C43A-56CD-47FD-9416-372A77AEBA2F}.Debug|x86.Build.0 = Debug|Win32
		{4BB3C43A-56CD-47FD-9416-372A77AEBA2F}.Release|x64.ActiveCfg = Release|x64
		{4BB3C43A-56CD-47FD-9416-372A77AEBA2F}.Release|x64.Build.0 = Release|x64
		{4BB3C43A-56CD-47FD-9416-372A77AEBA2F}.Release|x86.ActiveCfg = Release|Win32
		{4BB3C43A-56CD-47FD-9416-372A77AEBA2F}.Release|x86.Build.0 = Release|Win32
		{34C90C56-025F-4A70-A9CE-56934D743A6D}.Debug|x64.ActiveCfg = Debug|x64
		{34C90C56-025F-4A70-A9CE-56934D743A6D}.Debug|x64.Build.0 = Debug|x64
		{34C90C56-025F-4A70-A9CE-56934D743A6D}.Debug|x86.ActiveCfg = Debug|Win32
		{34C90C56-025F-4A70-A9CE-56934D743A6D}.Debug|x86.Build.0 = Debug|Win32
		{34C90C56-025F-4A70-A9CE-56934D743A6D}.Release|x64.ActiveCfg = Release|x64
		{34C90C56-025F-4A70-A9CE-56934D743A6D}.Release|x64.Build.0 = Release|x64
		{34C90C56-025F-4A70-A9CE-56934D743A6D}.Release|x86.ActiveCfg = Release|Win32
		{34C90C56-025F-4A70-A9CE-56934D743A6D}.Release|x86.Build.0 = Release|Win32
		{129AF2BA-103B-488E-A7ED-649100026894}.Debug|x64.ActiveCfg = Debug|x64
		{129AF2BA-103B-488E-A7ED-649100026894}.Debug|x64.Build.0 = Debug|x64
		{129AF2BA-103B-488E-A7ED-649100026894}.Debug|x86.ActiveCfg = Debug|Win32
		{129AF2BA-103B-488E-A7ED-649100026894}.Debug|x86.Build.0 = Debug|Win32
		{129AF2BA-103B-488E-A7ED-649100026894}.Release|x64.ActiveCfg = Release|x64
		{129AF2BA-103B-488E-A7ED-649100026894}.Release|x64.Build.0 = Release|x64
		{129AF2BA-103B-488E-A7ED-649100026894}.Release|x86.ActiveCfg = Release|Win32
		{129AF2BA-103B-488E-A7ED-649100026894}.Release|x86.Build.0 = Release|Win32
		{D5762106-D629-456B-8484-6495EC5128CB}.Debug|x64.ActiveCfg = Debug|x64
		{D5762106-D629-456B-8484-6495EC5128CB}.Debug|x64.Build.0 = Debug|x64
		{D5762106-D629-456B-8484-6495EC5128CB}.Debug|x86.ActiveCfg = Debug|Win32
		{D5762106-D629-456B-8484-6495EC5128CB}.Debug|x86.Build.0 = Debug|Win32
		{D5762106-D629-456B-8484-6495EC5128CB}.Release|x64.ActiveCfg = Release|x64
		{D5762106-D629-456B-8484-6495EC5128CB}.Release|x64.Build.0 = Release|x64
		{D5762106-D629-456B-8484-6495EC5128CB}.Release|x86.ActiveCfg = Release|Win32
		{D5762106-D629-456B-8484-6495EC5128CB}.Release|x86.Build.0 = Release|Win32
		{CD7F7E36-7221-4F81-A567-5CE5FDCEC779}.Debug|x64.ActiveCfg = Debug|x64
		{CD7F7E36-7221-4F81-A567-5CE5FDCEC779}.Debug|x64.Build.0 = Debug|x64
		{CD7F7E36-7221-4F81-A567-5CE5FDCEC779}.Debug|x86.ActiveCfg = Debug|Win32
		{CD7F7E36-7221-4F81-A567-5CE5FDCEC779}.Debug|x86.Build.0 = Debug|Win32
		{CD7F7E36-7221-4F81-A567-5CE5FDCEC779}.Release|x64.ActiveCfg = Release|x64
		{CD7F7E36-7221-4F81-A567-5CE5FDCEC779}.Release|x64.Build.0 = Release|x64
		{CD7F7E36-7221-4F81-A567-5CE5FDCEC779}.Release|x86.ActiveCfg = Release|Win32
		{CD7F7E36-7221-4F81-A567-5CE5FDCEC779}.Release|x86.Build.0 = Release|Win32
		{9F6AC739-5CF8-4352-BCA3-FEDD5C5F80B9}.Debug|x64.ActiveCfg = Debug|x64
		{9F6AC739-5CF8-4352-BCA3-FEDD5C5F80B9}.Debug|x64.Build.0 = Debug|x64
		{9F6AC739-5CF8-4352-BCA3-FEDD5C5F80B9}.Debug|x86.ActiveCfg = Debug|Win32
		{9F6AC739-5CF8-4352-BCA3-FEDD5C5F80B9}.Debug|x86.Build.0 = Debug|Win32
		{9F6AC739-5CF8-4352-BCA3-FEDD5C5F80B9}.Release|x64.ActiveCfg = Release|x64
		{9F6AC739-5CF8-4352-BCA3-FEDD5C5F80B9}.Release|x64.Build.0 = Release|x64
		{9F6AC739-5CF8-4352-BCA3-FEDD5C5F80B9}.Release|x86.ActiveCfg = Release|Win32
		{9F6AC739-5CF8-4352-BCA3-FEDD5C5F80B9}.Release|x86.Build.0 = Release|Win32
		{E9045248-9548-4A39-8C94-DF828D1A5FC3}.Debug|x64.ActiveCfg = Debug|x64
		{E9045248-9548-4A39-8C94-DF828D1A5FC3}.Debug|x64.Build.0 = Debug|x64
		{E9045248-9548-4A39-8C94-DF828D1A5FC3}.Debug|x86.ActiveCfg = Debug|Win32
		{E9045248-9548-4A39-8C94-DF828D1A5FC3}.Debug|x86.Build.0 = Debug|Win32
		{E9045248-9548-4A39-8C94-DF828D1A5FC3}.Release|x64.ActiveCfg = Release|x64
		{E9045248-9548-4A39-8C94-DF828D1A5FC3}.Release|x64.Build.0 = Release|x64
		{E9045248-9548-4A39-8C94-DF828D1A5FC3}.Release|x86.ActiveCfg = Release|Win32
		{E9045248-9548-4A39-8C94-DF828D1A5FC3}.Release|x86.Build.0 = Release|Win32
		{F03B34A5-6734-40CB-A63C-6A5D2BD4A5BA}.Debug|x64.ActiveCfg = Debug|x64
		{F03B34A5-6734-40CB-A63C-6A5D2BD4A5BA}.Debug|x64.Build.0 = Debug|x64
		{F03B34A5-6734-40CB-A63C-6A5D2BD4A5BA}.Debug|x86.ActiveCfg = Debug|Win32
		{F03B34A5-6734-40CB-A63C-6A5D2BD4A5BA}.Debug|x86.Build.0 = Debug|Win32
		{F03B34A5-6734-40CB-A63C-6A5D2BD4A5BA}.Release|x64.ActiveCfg = Release|x64
		{F03B34A5-6734-40CB-A63C-6A5D2BD4A5BA}.Release|x64.Build.0 = Release|x64
		{F03B34A5-6734-40CB-A63C-6A5D2BD4A5BA}.Release|x86.ActiveCfg = Release|Win32
		{F03B34A5-6734-40CB-A63C-6A5D2BD4A5BA}.Release|x86.Build.0 = Release|Win32
		{8FC9B8AA-6BA3-4F07-A001-53E1311F668A}.Debug|x64.ActiveCfg = Debug|x64
		{8FC9B8AA-6BA3-4F07-A001-53E1311F668A}.Debug|x64.Build.0 = Debug|x64
		{8FC9B8AA-6BA3-4F07-A001-53E1311F668A}.Debug|x86.ActiveCfg = Debug|Win32
		{8FC9B8AA-6BA3-4F07-A001-53E1311F668A}.Debug|x86.Build.0 = Debug|Win32
		{8FC9B8AA-6BA3-4F07-A001-53E1311F668A}.Release|x64.ActiveCfg = Release|x64
		{8FC9B8AA-6BA3-4F07-A001-53E1311F668A}.Release|x64.Build.0 = Release|x64
		{8FC9B8AA-6BA3-4F07-A001-53E1311F668A}.Release|x86.ActiveCfg = Release|Win32
		{8FC9B8AA-6BA3-4F07-A001-53E1311F668A}.Release|x86.Build.0 = Release|Win32
		{83C6E055-AF66-4BF1-BA75-EE6D05097132}.Debug|x64.ActiveCfg = Debug|x64
		{83C6E055-AF66-4BF1-BA75-EE6D05097132}.Debug|x64.Build.0 = Debug|x64
		{83C6E055-AF66-4BF1-BA75-EE6D05097132}.Debug|x86.ActiveCfg = Debug|Win32
		{83C6E055-AF66-4BF1-BA75-EE6D05097132}.Debug|x86.Build.0 = Debug|Win32
		{83C6E055-AF66-4BF1-BA75-EE6D05097132}.Release|x64.ActiveCfg = Release|x64
		{83C6E055-AF66-4BF1-BA75-EE6D05097132}.Release|x64.Build.0 = Release|x64
		{83C6E055-AF66-4BF1-BA75-EE6D05097132}.Release|x86.ActiveCfg = Release|Win32
		{83C6E055-AF66-4BF1-BA75-EE6D05097132}.Release|x86.Build.0 = Release|Win32
		{1D97FD4A-5C13-4ABF-B43D-E51F8B97EEE0}.Debug|x64.ActiveCfg = Debug|x64
		{1D97FD4A-5C13-4ABF-B43D-E51F8B97EEE0}.Debug|x64.Build.0 = Debug|x64
		{1D97FD4A-5C13-4ABF-B43D-E51F8B97EEE0}.Debug|x86.ActiveCfg = Debug|Win32
		{1D97FD4A-5C13-4ABF-B43D-E51F8B97EEE0}.Debug|x86.Build.0 = Debug|Win32
		{1D97FD4A-5C13-4ABF-B43D-E51F8B97EEE0}.Release|x64.ActiveCfg = Release|x64
		{1D97FD4A-5C13-4ABF-B43D-E51F8B97EEE0}.Release|x64.Build.0 = Release|x64
		{1D97FD4A-5C13-4ABF-B43D-E51F8B97EEE0}.Release|x86.ActiveCfg = Release|Win32
		{1D97FD4A-5C13-4ABF-B43D-E51F8B97EEE0}.Release|x86.Build.0 = Release|Win32
		{7571A9C8-A90E-4490-B6C4-E1417947295E}.Debug|x64.ActiveCfg = Debug|x64
		{7571A9C8-A90E-4490-B6C4-E1417947295E}.Debug|x64.Build.0 = Debug|x64
		{7571A9C8-A90E-4490-B6C4-E1417947295E}.Debug|x86.ActiveCfg = Debug|Win32
		{7571A9C8-A90E-4490-B6C4-E1417947295E}.Debug|x86.Build.0 = Debug|Win32
		{7571A9C8-A90E-4490-B6C4-E1417947295E}.Release|x64.ActiveCfg = Release|x64
		{7571A9C8-A90E-4490-B6C4-E1417947295E}.Release|x64.Build.0 = Release|x64
		{7571A9C8-A90E-4490-B6C4-E1417947295E}.Release|x86.ActiveCfg = Release|Win32
		{7571A9C8-A90E-4490-B6C4-E1417947295E}.Release|x86.Build.0 = Release|Win32
		{88DE569E-3829-4296-B6D4-C1D4E82DB44C}.Debug|x64.ActiveCfg = Debug|x64
		{88DE569E-3829-4296-B6D4-C1D4E82DB44C}.Debug|x64.Build.0 = Debug|x64
		{88DE569E-3829-4296-B6D4-C1D4E82DB44C}.Debug|x86.ActiveCfg = Debug|Win32
		{88DE569E-3829-4296-B6D4-C1D4E82DB44C}.Debug|x86.Build.0 = Debug|Win32
		{88DE569E-3829-4296-B6D4-C1D4E82DB44C}.Release|x64.ActiveCfg = Release|x64
		{88DE569E-3829-4296-B6D4-C1D4E82DB44C}.Release|x64.Build.0 = Release|x64
		{88DE569E-3829-4296-B6D4-C1D4E82DB44C}.Release|x86.ActiveCfg = Release|Win32
		{88DE569E-3829-4296-B6D4-C1D4E82DB44C}.Release|x86.Build.0 = Release|Win32
		{67295736-D9CA-493E-8714-4DC8EBF4272E}.Debug|x64.ActiveCfg = Debug|x64
		{67295736-D9CA-493E-8714-4DC8EBF4272E}.Debug|x64.Build.0 = Debug|x64
		{67295736-D9CA-493E-8714-4DC8EBF4272E}.Debug|x86.ActiveCfg = Debug|Win32
		{67295736-D9CA-493E-8714-4DC8EBF4272E}.Debug|x86.Build.0 = Debug|Win32
		{67295736-D9CA-493E-8714-4DC8EBF4272E}.Release|x64.ActiveCfg = Release|x64
		{67295736-D9CA-493E-8714-4DC8EBF4272E}.Release|x64.Build.0 = Release|x64
		{67295736-D9CA-493E-8714-4DC8EBF4272E}.Release|x86.ActiveCfg = Release|Win32
		{67295736-D9CA-493E-8714-4DC8EBF4272E}.Release|x86.Build.0 = Release|Win32
		{A1B2DD5F-D274-4C84-A3EC-3457996D98AF}.Debug|x64.ActiveCfg = Debug|x64
		{A1B2DD5F-D274-4C84-A3EC-3457996D98AF}.Debug|x64.Build.0 = Debug|x64
		{A1B2DD5F-D274-4C84-A3EC-3457996D98AF}.Debug|x86.ActiveCfg = Debug|Win32
		{A1B2DD5F-D274-4C84-A3EC-3457996D98AF}.Debug|x86.Build.0 = Debug|Win32
		{A1B2DD5F-D274-4C84-A3EC-3457996D98AF}.Release|x64.ActiveCfg = Release|x64
		{A1B2DD5F-D274-4C84-A3EC-3457996D98AF}.Release|x64.Build.0 = Release|x64
		{A1B2DD5F-D274-4C84-A3EC-3457996D98AF}.Release|x86.ActiveCfg = Release|Win32
		{A1B2DD5F-D274-4C84-A3EC-3457996D98AF}.Release|x86.Build.0 = Release|Win32
		{E3ABD338-37ED-4002-BD0B-D7A1D71E83B6}.Debug|x64.ActiveCfg = Debug|x64
		{E3ABD338-37ED-4002-BD0B-D7A1D71E83B6}.Debug|x64.Build.0 = Debug|x64
		{E3ABD338-37ED-4002-BD0B-D7A1D71E83B6}.Debug|x86.ActiveCfg = Debug|Win32
		{E3ABD338-37ED-4002-BD0B-D7A1D71E83B6}.Debug|x86.Build.0 = Debug|Win32
		{E3ABD338-37ED-4002-BD0B-D7A1D71E83B6}.Release|x64.ActiveCfg = Release|x64
		{E3ABD338-37ED-4002-BD0B-D7A1D71E83B6}.Release|x64.Build.0 = Release|x64
		{E3ABD338-37ED-4002-BD0B-D7A1D71E83B6}.Release|x86.ActiveCfg = Release|Win32
		{E3ABD338-37ED-4002-BD0B-D7A1D71E83B6}.Release|x86.Build.0 = Release|Win32
		{27B8843F-CD65-41FE-A7EB-D8CA075FC247}.Debug|x64.ActiveCfg = Debug|x64
		{27B8843F-CD65-41FE-A7EB-D8CA075FC247}.Debug|x64.Build.0 = Debug|x64
		{27B8843F-CD65-41FE-A7EB-D8CA075FC247}.Debug|x86.ActiveCfg = Debug|Win32
		{27B8843F-CD65-41FE-A7EB-D8CA075FC247}.Debug|x86.Build.0 = Debug|Win32
		{27B8843F-CD65-41FE-A7EB-D8CA075FC247}.Release|x64.ActiveCfg = Release|x64
		{27B8843F-CD65-41FE-A7EB-D8CA075FC247}.Release|x64.Build.0 = Release|x64
		{27B8843F-CD65-41FE-A7EB-D8CA075FC247}.Release|x86.ActiveCfg = Release|Win32
		{27B8843F-CD65-41FE-A7EB-D8CA075FC247}.Release|x86.Build.0 = Release|Win32
		{4223F655-4617-4260-B0C6-62374133783B}.Debug|x64.ActiveCfg = Debug|x64
		{4223F655-4617-4260-B0C6-62374133783B}.Debug|x64.Build.0 = Debug|x64
		{4223F655-4617-4260-B0C6-62374133783B}.Debug|x86.ActiveCfg = Debug|Win32
		{4223F655-4617-4260-B0C6-62374133783B}.Debug|x86.Build.0 = Debug|Win32
		{4223F655-4617-4260-B0C6-62374133783B}.Release|x64.ActiveCfg = Release|x64
		{4223F655-4617-4260-B0C6-62374133783B}.Release|x64.Build.0 = Release|x64
		{4223F655-4617-4260-B0C6-62374133783B}.Release|x86.ActiveCfg = Release|Win32
		{4223F655-4617-4260-B0C6-62374133783B}.Release|x86.Build.0 = Release|Win32
	EndGlobalSection
	GlobalSection(SolutionProperties) = preSolution
		HideSolutionNode = FALSE
	EndGlobalSection
EndGlobal
